
Microsoft Visual Studio Solution File, Format Version 12.00
# Visual Studio Version 17
VisualStudioVersion = 17.11.35327.3
MinimumVisualStudioVersion = 10.0.40219.1
Project("{E24C65DC-7377-472B-9ABA-BC803B73C61A}") = "ProjectManagement_WS2", "ProjectManagement_WS2\", "{2645AD4A-D98D-49C7-A097-1716DBA4FDF6}"
	ProjectSection(WebsiteProperties) = preProject
		TargetFrameworkMoniker = ".NETFramework,Version%3Dv4.7.2"
		Debug.AspNetCompiler.VirtualPath = "/localhost_56446"
		Debug.AspNetCompiler.PhysicalPath = "ProjectManagement_WS2\"
		Debug.AspNetCompiler.TargetPath = "PrecompiledWeb\localhost_56446\"
		Debug.AspNetCompiler.Updateable = "true"
		Debug.AspNetCompiler.ForceOverwrite = "true"
		Debug.AspNetCompiler.FixedNames = "false"
		Debug.AspNetCompiler.Debug = "True"
		Release.AspNetCompiler.VirtualPath = "/localhost_56446"
		Release.AspNetCompiler.PhysicalPath = "ProjectManagement_WS2\"
		Release.AspNetCompiler.TargetPath = "PrecompiledWeb\localhost_56446\"
		Release.AspNetCompiler.Updateable = "true"
		Release.AspNetCompiler.ForceOverwrite = "true"
		Release.AspNetCompiler.FixedNames = "false"
		Release.AspNetCompiler.Debug = "False"
		VWDPort = "56446"
		SlnRelativePath = "ProjectManagement_WS2\"
		DefaultWebSiteLanguage = "Visual C#"
	EndProjectSection
EndProject
Global
	GlobalSection(SolutionConfigurationPlatforms) = preSolution
		Debug|Any CPU = Debug|Any CPU
	EndGlobalSection
	GlobalSection(ProjectConfigurationPlatforms) = postSolution
		{2645AD4A-D98D-49C7-A097-1716DBA4FDF6}.Debug|Any CPU.ActiveCfg = Debug|Any CPU
		{2645AD4A-D98D-49C7-A097-1716DBA4FDF6}.Debug|Any CPU.Build.0 = Debug|Any CPU
	EndGlobalSection
	GlobalSection(SolutionProperties) = preSolution
		HideSolutionNode = FALSE
	EndGlobalSection
	GlobalSection(ExtensibilityGlobals) = postSolution
		SolutionGuid = {7F5BC696-54D5-4F44-99B0-32539E29349F}
	EndGlobalSection
EndGlobal
